# This file is autogenerated, do not edit; changes may be undone by the next 'dep ensure'.


[[projects]]
  name = "github.com/go-chi/chi"
  packages = ["."]
  revision = "183768ed5df7d0b039500727c380bfbaf9229c81"
  version = "v4.1.0"

[solve-meta]
  analyzer-name = "dep"
  analyzer-version = 1
  inputs-digest = "e8c6f3939b4fcc3bdc14fac5de8496c6cd92841ad092f9df51a7f84fef8f0a7d"
  solver-name = "gps-cdcl"
  solver-version = 1
